
Microsoft Visual Studio Solution File, Format Version 11.00
# Visual Studio 2010
Project("{FAE04EC0-301F-11D3-BF4B-00C04F79EFBC}") = "bf", "Assembly-CSharp.csproj", "{CBA78ED5-CEFB-45CD-191B-59680C2154F8}"
EndProject
Project("{FAE04EC0-301F-11D3-BF4B-00C04F79EFBC}") = "bf", "Assembly-CSharp-Editor.csproj", "{083FF9C5-0A93-96DD-C5C5-BE278C2AA491}"
EndProject
Global
	GlobalSection(SolutionConfigurationPlatforms) = preSolution
		Debug|Any CPU = Debug|Any CPU
		Release|Any CPU = Release|Any CPU
	EndGlobalSection
	GlobalSection(ProjectConfigurationPlatforms) = postSolution
		{CBA78ED5-CEFB-45CD-191B-59680C2154F8}.Debug|Any CPU.ActiveCfg = Debug|Any CPU
		{CBA78ED5-CEFB-45CD-191B-59680C2154F8}.Debug|Any CPU.Build.0 = Debug|Any CPU
		{CBA78ED5-CEFB-45CD-191B-59680C2154F8}.Release|Any CPU.ActiveCfg = Release|Any CPU
		{CBA78ED5-CEFB-45CD-191B-59680C2154F8}.Release|Any CPU.Build.0 = Release|Any CPU
		{083FF9C5-0A93-96DD-C5C5-BE278C2AA491}.Debug|Any CPU.ActiveCfg = Debug|Any CPU
		{083FF9C5-0A93-96DD-C5C5-BE278C2AA491}.Debug|Any CPU.Build.0 = Debug|Any CPU
		{083FF9C5-0A93-96DD-C5C5-BE278C2AA491}.Release|Any CPU.ActiveCfg = Release|Any CPU
		{083FF9C5-0A93-96DD-C5C5-BE278C2AA491}.Release|Any CPU.Build.0 = Release|Any CPU
	EndGlobalSection
	GlobalSection(SolutionProperties) = preSolution
		HideSolutionNode = FALSE
	EndGlobalSection
	GlobalSection(MonoDevelopProperties) = preSolution
		StartupItem = Assembly-CSharp.csproj
	EndGlobalSection
EndGlobal
